
Microsoft Visual Studio Solution File, Format Version 12.00
# Visual Studio Version 16
VisualStudioVersion = 16.0.30523.141
MinimumVisualStudioVersion = 10.0.40219.1
Project("{FAE04EC0-301F-11D3-BF4B-00C04F79EFBC}") = "PasswordGuess", "PasswordGuess\PasswordGuess.csproj", "{FA781498-EE46-4C48-ADF4-C7630592C3AD}"
EndProject
Global
	GlobalSection(SolutionConfigurationPlatforms) = preSolution
		Debug|Any CPU = Debug|Any CPU
		Release|Any CPU = Release|Any CPU
	EndGlobalSection
	GlobalSection(ProjectConfigurationPlatforms) = postSolution
		{FA781498-EE46-4C48-ADF4-C7630592C3AD}.Debug|Any CPU.ActiveCfg = Debug|Any CPU
		{FA781498-EE46-4C48-ADF4-C7630592C3AD}.Debug|Any CPU.Build.0 = Debug|Any CPU
		{FA781498-EE46-4C48-ADF4-C7630592C3AD}.Release|Any CPU.ActiveCfg = Release|Any CPU
		{FA781498-EE46-4C48-ADF4-C7630592C3AD}.Release|Any CPU.Build.0 = Release|Any CPU
	EndGlobalSection
	GlobalSection(SolutionProperties) = preSolution
		HideSolutionNode = FALSE
	EndGlobalSection
	GlobalSection(ExtensibilityGlobals) = postSolution
		SolutionGuid = {32E1ED33-7ACD-4D9C-9C47-8A8034B77427}
	EndGlobalSection
EndGlobal
