
Microsoft Visual Studio Solution File, Format Version 12.00
# Visual Studio Version 16
VisualStudioVersion = 16.0.30621.155
MinimumVisualStudioVersion = 10.0.40219.1
Project("{FAE04EC0-301F-11D3-BF4B-00C04F79EFBC}") = "advertisementMessage", "advertisementMessage\advertisementMessage.csproj", "{82D8CB39-5358-4D9A-A659-40AD818DC0B4}"
EndProject
Project("{FAE04EC0-301F-11D3-BF4B-00C04F79EFBC}") = "Articles", "Articles\Articles.csproj", "{A4C48D81-0782-4061-BE8C-8D42612F059B}"
EndProject
Project("{FAE04EC0-301F-11D3-BF4B-00C04F79EFBC}") = "Articles20", "Articles20\Articles20.csproj", "{7414197D-39A0-47C4-B1F7-51EEB2D82DE2}"
EndProject
Project("{FAE04EC0-301F-11D3-BF4B-00C04F79EFBC}") = "Students", "Students\Students.csproj", "{9F11179E-EF92-4E19-86FC-771CA2CC878A}"
EndProject
Project("{FAE04EC0-301F-11D3-BF4B-00C04F79EFBC}") = "TeamworkProjects", "TeamworkProjects\TeamworkProjects.csproj", "{578C0C23-58F6-4743-9C68-DF104E646BA5}"
EndProject
Project("{FAE04EC0-301F-11D3-BF4B-00C04F79EFBC}") = "TeamWorkProjcetV2", "TeamWorkProjcetV2\TeamWorkProjcetV2.csproj", "{68363917-4189-4C7B-8630-29C3E2F8C26B}"
EndProject
Project("{FAE04EC0-301F-11D3-BF4B-00C04F79EFBC}") = "VehicleCatalogue", "VehicleCatalogue\VehicleCatalogue.csproj", "{25540014-B334-49DD-9BFA-30DFE6E2A37E}"
EndProject
Project("{FAE04EC0-301F-11D3-BF4B-00C04F79EFBC}") = "orderByAge", "orderByAge\orderByAge.csproj", "{B7831A47-7BFE-4F30-A2F8-736393E7ABFB}"
EndProject
Global
	GlobalSection(SolutionConfigurationPlatforms) = preSolution
		Debug|Any CPU = Debug|Any CPU
		Release|Any CPU = Release|Any CPU
	EndGlobalSection
	GlobalSection(ProjectConfigurationPlatforms) = postSolution
		{82D8CB39-5358-4D9A-A659-40AD818DC0B4}.Debug|Any CPU.ActiveCfg = Debug|Any CPU
		{82D8CB39-5358-4D9A-A659-40AD818DC0B4}.Debug|Any CPU.Build.0 = Debug|Any CPU
		{82D8CB39-5358-4D9A-A659-40AD818DC0B4}.Release|Any CPU.ActiveCfg = Release|Any CPU
		{82D8CB39-5358-4D9A-A659-40AD818DC0B4}.Release|Any CPU.Build.0 = Release|Any CPU
		{A4C48D81-0782-4061-BE8C-8D42612F059B}.Debug|Any CPU.ActiveCfg = Debug|Any CPU
		{A4C48D81-0782-4061-BE8C-8D42612F059B}.Debug|Any CPU.Build.0 = Debug|Any CPU
		{A4C48D81-0782-4061-BE8C-8D42612F059B}.Release|Any CPU.ActiveCfg = Release|Any CPU
		{A4C48D81-0782-4061-BE8C-8D42612F059B}.Release|Any CPU.Build.0 = Release|Any CPU
		{7414197D-39A0-47C4-B1F7-51EEB2D82DE2}.Debug|Any CPU.ActiveCfg = Debug|Any CPU
		{7414197D-39A0-47C4-B1F7-51EEB2D82DE2}.Debug|Any CPU.Build.0 = Debug|Any CPU
		{7414197D-39A0-47C4-B1F7-51EEB2D82DE2}.Release|Any CPU.ActiveCfg = Release|Any CPU
		{7414197D-39A0-47C4-B1F7-51EEB2D82DE2}.Release|Any CPU.Build.0 = Release|Any CPU
		{9F11179E-EF92-4E19-86FC-771CA2CC878A}.Debug|Any CPU.ActiveCfg = Debug|Any CPU
		{9F11179E-EF92-4E19-86FC-771CA2CC878A}.Debug|Any CPU.Build.0 = Debug|Any CPU
		{9F11179E-EF92-4E19-86FC-771CA2CC878A}.Release|Any CPU.ActiveCfg = Release|Any CPU
		{9F11179E-EF92-4E19-86FC-771CA2CC878A}.Release|Any CPU.Build.0 = Release|Any CPU
		{578C0C23-58F6-4743-9C68-DF104E646BA5}.Debug|Any CPU.ActiveCfg = Debug|Any CPU
		{578C0C23-58F6-4743-9C68-DF104E646BA5}.Debug|Any CPU.Build.0 = Debug|Any CPU
		{578C0C23-58F6-4743-9C68-DF104E646BA5}.Release|Any CPU.ActiveCfg = Release|Any CPU
		{578C0C23-58F6-4743-9C68-DF104E646BA5}.Release|Any CPU.Build.0 = Release|Any CPU
		{68363917-4189-4C7B-8630-29C3E2F8C26B}.Debug|Any CPU.ActiveCfg = Debug|Any CPU
		{68363917-4189-4C7B-8630-29C3E2F8C26B}.Debug|Any CPU.Build.0 = Debug|Any CPU
		{68363917-4189-4C7B-8630-29C3E2F8C26B}.Release|Any CPU.ActiveCfg = Release|Any CPU
		{68363917-4189-4C7B-8630-29C3E2F8C26B}.Release|Any CPU.Build.0 = Release|Any CPU
		{25540014-B334-49DD-9BFA-30DFE6E2A37E}.Debug|Any CPU.ActiveCfg = Debug|Any CPU
		{25540014-B334-49DD-9BFA-30DFE6E2A37E}.Debug|Any CPU.Build.0 = Debug|Any CPU
		{25540014-B334-49DD-9BFA-30DFE6E2A37E}.Release|Any CPU.ActiveCfg = Release|Any CPU
		{25540014-B334-49DD-9BFA-30DFE6E2A37E}.Release|Any CPU.Build.0 = Release|Any CPU
		{B7831A47-7BFE-4F30-A2F8-736393E7ABFB}.Debug|Any CPU.ActiveCfg = Debug|Any CPU
		{B7831A47-7BFE-4F30-A2F8-736393E7ABFB}.Debug|Any CPU.Build.0 = Debug|Any CPU
		{B7831A47-7BFE-4F30-A2F8-736393E7ABFB}.Release|Any CPU.ActiveCfg = Release|Any CPU
		{B7831A47-7BFE-4F30-A2F8-736393E7ABFB}.Release|Any CPU.Build.0 = Release|Any CPU
	EndGlobalSection
	GlobalSection(SolutionProperties) = preSolution
		HideSolutionNode = FALSE
	EndGlobalSection
	GlobalSection(ExtensibilityGlobals) = postSolution
		SolutionGuid = {D9BD499D-4F9C-4D09-96D7-520E73A7086B}
	EndGlobalSection
EndGlobal
