
Microsoft Visual Studio Solution File, Format Version 12.00
# Visual Studio Version 16
VisualStudioVersion = 16.0.31005.135
MinimumVisualStudioVersion = 10.0.40219.1
Project("{FAE04EC0-301F-11D3-BF4B-00C04F79EFBC}") = "P01_HospitalDatabase", "P01_HospitalDatabase\P01_HospitalDatabase.csproj", "{DE5B2F1A-2F0B-483E-AF22-CB243B28B34F}"
EndProject
Project("{FAE04EC0-301F-11D3-BF4B-00C04F79EFBC}") = "P01_HospitalDatabase.Data", "P01_HospitalDatabase.Data\P01_HospitalDatabase.Data.csproj", "{FBB7846A-B722-4B93-BC22-32947752E4E7}"
EndProject
Project("{FAE04EC0-301F-11D3-BF4B-00C04F79EFBC}") = "P01_HospitalDatabase.Data.Models", "P01_HospitalDatabase.Data.Models\P01_HospitalDatabase.Data.Models.csproj", "{B6AC6119-3BC7-45E9-84B9-53C3193DD908}"
EndProject
Global
	GlobalSection(SolutionConfigurationPlatforms) = preSolution
		Debug|Any CPU = Debug|Any CPU
		Release|Any CPU = Release|Any CPU
	EndGlobalSection
	GlobalSection(ProjectConfigurationPlatforms) = postSolution
		{DE5B2F1A-2F0B-483E-AF22-CB243B28B34F}.Debug|Any CPU.ActiveCfg = Debug|Any CPU
		{DE5B2F1A-2F0B-483E-AF22-CB243B28B34F}.Debug|Any CPU.Build.0 = Debug|Any CPU
		{DE5B2F1A-2F0B-483E-AF22-CB243B28B34F}.Release|Any CPU.ActiveCfg = Release|Any CPU
		{DE5B2F1A-2F0B-483E-AF22-CB243B28B34F}.Release|Any CPU.Build.0 = Release|Any CPU
		{FBB7846A-B722-4B93-BC22-32947752E4E7}.Debug|Any CPU.ActiveCfg = Debug|Any CPU
		{FBB7846A-B722-4B93-BC22-32947752E4E7}.Debug|Any CPU.Build.0 = Debug|Any CPU
		{FBB7846A-B722-4B93-BC22-32947752E4E7}.Release|Any CPU.ActiveCfg = Release|Any CPU
		{FBB7846A-B722-4B93-BC22-32947752E4E7}.Release|Any CPU.Build.0 = Release|Any CPU
		{B6AC6119-3BC7-45E9-84B9-53C3193DD908}.Debug|Any CPU.ActiveCfg = Debug|Any CPU
		{B6AC6119-3BC7-45E9-84B9-53C3193DD908}.Debug|Any CPU.Build.0 = Debug|Any CPU
		{B6AC6119-3BC7-45E9-84B9-53C3193DD908}.Release|Any CPU.ActiveCfg = Release|Any CPU
		{B6AC6119-3BC7-45E9-84B9-53C3193DD908}.Release|Any CPU.Build.0 = Release|Any CPU
	EndGlobalSection
	GlobalSection(SolutionProperties) = preSolution
		HideSolutionNode = FALSE
	EndGlobalSection
	GlobalSection(ExtensibilityGlobals) = postSolution
		SolutionGuid = {A65F4D39-9DE0-4132-B73E-C6894DFA3965}
	EndGlobalSection
EndGlobal
