
Microsoft Visual Studio Solution File, Format Version 12.00
# Visual Studio Version 16
VisualStudioVersion = 16.0.30804.86
MinimumVisualStudioVersion = 10.0.40219.1
Project("{9A19103F-16F7-4668-BE54-9A1E7A4F7556}") = "ImplementingLinkedList-Stamo", "ImplementingLinkedList\ImplementingLinkedList-Stamo.csproj", "{5B6255E2-1815-4EA1-8D05-0102AAC022B2}"
EndProject
Project("{9A19103F-16F7-4668-BE54-9A1E7A4F7556}") = "LinkedList-Viktor", "LinkedList-Viktor\LinkedList-Viktor.csproj", "{74162213-8D83-4313-A2B0-ED4279B84DCB}"
EndProject
Project("{9A19103F-16F7-4668-BE54-9A1E7A4F7556}") = "LinkedList-Viktor2", "LinkedList-Viktor2\LinkedList-Viktor2.csproj", "{A4EA3479-0D2E-4643-9543-0AA633A402B4}"
EndProject
Project("{9A19103F-16F7-4668-BE54-9A1E7A4F7556}") = "SnakeGame", "SnakeGame\SnakeGame.csproj", "{744C8BB4-FC5B-4CA8-92C7-4B86C4848B06}"
EndProject
Project("{FAE04EC0-301F-11D3-BF4B-00C04F79EFBC}") = "GenericLinkedList", "GenericLinkedList\GenericLinkedList.csproj", "{4DA67DF6-7071-4A94-8E39-15C033487D6F}"
EndProject
Global
	GlobalSection(SolutionConfigurationPlatforms) = preSolution
		Debug|Any CPU = Debug|Any CPU
		Release|Any CPU = Release|Any CPU
	EndGlobalSection
	GlobalSection(ProjectConfigurationPlatforms) = postSolution
		{5B6255E2-1815-4EA1-8D05-0102AAC022B2}.Debug|Any CPU.ActiveCfg = Debug|Any CPU
		{5B6255E2-1815-4EA1-8D05-0102AAC022B2}.Debug|Any CPU.Build.0 = Debug|Any CPU
		{5B6255E2-1815-4EA1-8D05-0102AAC022B2}.Release|Any CPU.ActiveCfg = Release|Any CPU
		{5B6255E2-1815-4EA1-8D05-0102AAC022B2}.Release|Any CPU.Build.0 = Release|Any CPU
		{74162213-8D83-4313-A2B0-ED4279B84DCB}.Debug|Any CPU.ActiveCfg = Debug|Any CPU
		{74162213-8D83-4313-A2B0-ED4279B84DCB}.Debug|Any CPU.Build.0 = Debug|Any CPU
		{74162213-8D83-4313-A2B0-ED4279B84DCB}.Release|Any CPU.ActiveCfg = Release|Any CPU
		{74162213-8D83-4313-A2B0-ED4279B84DCB}.Release|Any CPU.Build.0 = Release|Any CPU
		{A4EA3479-0D2E-4643-9543-0AA633A402B4}.Debug|Any CPU.ActiveCfg = Debug|Any CPU
		{A4EA3479-0D2E-4643-9543-0AA633A402B4}.Debug|Any CPU.Build.0 = Debug|Any CPU
		{A4EA3479-0D2E-4643-9543-0AA633A402B4}.Release|Any CPU.ActiveCfg = Release|Any CPU
		{A4EA3479-0D2E-4643-9543-0AA633A402B4}.Release|Any CPU.Build.0 = Release|Any CPU
		{744C8BB4-FC5B-4CA8-92C7-4B86C4848B06}.Debug|Any CPU.ActiveCfg = Debug|Any CPU
		{744C8BB4-FC5B-4CA8-92C7-4B86C4848B06}.Debug|Any CPU.Build.0 = Debug|Any CPU
		{744C8BB4-FC5B-4CA8-92C7-4B86C4848B06}.Release|Any CPU.ActiveCfg = Release|Any CPU
		{744C8BB4-FC5B-4CA8-92C7-4B86C4848B06}.Release|Any CPU.Build.0 = Release|Any CPU
		{4DA67DF6-7071-4A94-8E39-15C033487D6F}.Debug|Any CPU.ActiveCfg = Debug|Any CPU
		{4DA67DF6-7071-4A94-8E39-15C033487D6F}.Debug|Any CPU.Build.0 = Debug|Any CPU
		{4DA67DF6-7071-4A94-8E39-15C033487D6F}.Release|Any CPU.ActiveCfg = Release|Any CPU
		{4DA67DF6-7071-4A94-8E39-15C033487D6F}.Release|Any CPU.Build.0 = Release|Any CPU
	EndGlobalSection
	GlobalSection(SolutionProperties) = preSolution
		HideSolutionNode = FALSE
	EndGlobalSection
	GlobalSection(ExtensibilityGlobals) = postSolution
		SolutionGuid = {C563B13B-6F7D-43C2-A16F-7C7AD66410F8}
	EndGlobalSection
EndGlobal
