
Microsoft Visual Studio Solution File, Format Version 12.00
# Visual Studio Version 16
VisualStudioVersion = 16.0.30717.126
MinimumVisualStudioVersion = 10.0.40219.1
Project("{FAE04EC0-301F-11D3-BF4B-00C04F79EFBC}") = "taks1", "taks1\taks1.csproj", "{B55C34F3-504E-499E-B264-BE4720306B49}"
EndProject
Project("{FAE04EC0-301F-11D3-BF4B-00C04F79EFBC}") = "task2", "task2\task2.csproj", "{AEC821C0-8F95-42B2-B372-ADAD9B1469BF}"
EndProject
Project("{FAE04EC0-301F-11D3-BF4B-00C04F79EFBC}") = "task3", "task3\task3.csproj", "{2D866F5F-A4CD-4881-8E72-937A09860031}"
EndProject
Project("{FAE04EC0-301F-11D3-BF4B-00C04F79EFBC}") = "task3v2", "task3v2\task3v2.csproj", "{AB0F581E-9A0F-4768-8029-A6F8FFCAC303}"
EndProject
Project("{FAE04EC0-301F-11D3-BF4B-00C04F79EFBC}") = "task3v3", "task3v3\task3v3.csproj", "{56ACD1CD-ECB9-4501-B25E-63CB2B893E5F}"
EndProject
Global
	GlobalSection(SolutionConfigurationPlatforms) = preSolution
		Debug|Any CPU = Debug|Any CPU
		Release|Any CPU = Release|Any CPU
	EndGlobalSection
	GlobalSection(ProjectConfigurationPlatforms) = postSolution
		{B55C34F3-504E-499E-B264-BE4720306B49}.Debug|Any CPU.ActiveCfg = Debug|Any CPU
		{B55C34F3-504E-499E-B264-BE4720306B49}.Debug|Any CPU.Build.0 = Debug|Any CPU
		{B55C34F3-504E-499E-B264-BE4720306B49}.Release|Any CPU.ActiveCfg = Release|Any CPU
		{B55C34F3-504E-499E-B264-BE4720306B49}.Release|Any CPU.Build.0 = Release|Any CPU
		{AEC821C0-8F95-42B2-B372-ADAD9B1469BF}.Debug|Any CPU.ActiveCfg = Debug|Any CPU
		{AEC821C0-8F95-42B2-B372-ADAD9B1469BF}.Debug|Any CPU.Build.0 = Debug|Any CPU
		{AEC821C0-8F95-42B2-B372-ADAD9B1469BF}.Release|Any CPU.ActiveCfg = Release|Any CPU
		{AEC821C0-8F95-42B2-B372-ADAD9B1469BF}.Release|Any CPU.Build.0 = Release|Any CPU
		{2D866F5F-A4CD-4881-8E72-937A09860031}.Debug|Any CPU.ActiveCfg = Debug|Any CPU
		{2D866F5F-A4CD-4881-8E72-937A09860031}.Debug|Any CPU.Build.0 = Debug|Any CPU
		{2D866F5F-A4CD-4881-8E72-937A09860031}.Release|Any CPU.ActiveCfg = Release|Any CPU
		{2D866F5F-A4CD-4881-8E72-937A09860031}.Release|Any CPU.Build.0 = Release|Any CPU
		{AB0F581E-9A0F-4768-8029-A6F8FFCAC303}.Debug|Any CPU.ActiveCfg = Debug|Any CPU
		{AB0F581E-9A0F-4768-8029-A6F8FFCAC303}.Debug|Any CPU.Build.0 = Debug|Any CPU
		{AB0F581E-9A0F-4768-8029-A6F8FFCAC303}.Release|Any CPU.ActiveCfg = Release|Any CPU
		{AB0F581E-9A0F-4768-8029-A6F8FFCAC303}.Release|Any CPU.Build.0 = Release|Any CPU
		{56ACD1CD-ECB9-4501-B25E-63CB2B893E5F}.Debug|Any CPU.ActiveCfg = Debug|Any CPU
		{56ACD1CD-ECB9-4501-B25E-63CB2B893E5F}.Debug|Any CPU.Build.0 = Debug|Any CPU
		{56ACD1CD-ECB9-4501-B25E-63CB2B893E5F}.Release|Any CPU.ActiveCfg = Release|Any CPU
		{56ACD1CD-ECB9-4501-B25E-63CB2B893E5F}.Release|Any CPU.Build.0 = Release|Any CPU
	EndGlobalSection
	GlobalSection(SolutionProperties) = preSolution
		HideSolutionNode = FALSE
	EndGlobalSection
	GlobalSection(ExtensibilityGlobals) = postSolution
		SolutionGuid = {2FDD1B50-9282-48A1-9B37-2B2C95F4453F}
	EndGlobalSection
EndGlobal
