
Microsoft Visual Studio Solution File, Format Version 12.00
# Visual Studio Version 16
VisualStudioVersion = 16.0.30621.155
MinimumVisualStudioVersion = 10.0.40219.1
Project("{FAE04EC0-301F-11D3-BF4B-00C04F79EFBC}") = "Task1", "Exam1V1\Task1.csproj", "{43323E07-A3E6-4099-A521-D29FC4E8B9FF}"
EndProject
Project("{FAE04EC0-301F-11D3-BF4B-00C04F79EFBC}") = "Task2", "shoppingList\Task2.csproj", "{678ACE60-356B-4976-BCF8-2D5D2C268D26}"
EndProject
Project("{FAE04EC0-301F-11D3-BF4B-00C04F79EFBC}") = "Task3", "Task3\Task3.csproj", "{A4A3FF41-F9F7-4C72-9197-E3B61F7BF3F3}"
EndProject
Global
	GlobalSection(SolutionConfigurationPlatforms) = preSolution
		Debug|Any CPU = Debug|Any CPU
		Release|Any CPU = Release|Any CPU
	EndGlobalSection
	GlobalSection(ProjectConfigurationPlatforms) = postSolution
		{43323E07-A3E6-4099-A521-D29FC4E8B9FF}.Debug|Any CPU.ActiveCfg = Debug|Any CPU
		{43323E07-A3E6-4099-A521-D29FC4E8B9FF}.Debug|Any CPU.Build.0 = Debug|Any CPU
		{43323E07-A3E6-4099-A521-D29FC4E8B9FF}.Release|Any CPU.ActiveCfg = Release|Any CPU
		{43323E07-A3E6-4099-A521-D29FC4E8B9FF}.Release|Any CPU.Build.0 = Release|Any CPU
		{678ACE60-356B-4976-BCF8-2D5D2C268D26}.Debug|Any CPU.ActiveCfg = Debug|Any CPU
		{678ACE60-356B-4976-BCF8-2D5D2C268D26}.Debug|Any CPU.Build.0 = Debug|Any CPU
		{678ACE60-356B-4976-BCF8-2D5D2C268D26}.Release|Any CPU.ActiveCfg = Release|Any CPU
		{678ACE60-356B-4976-BCF8-2D5D2C268D26}.Release|Any CPU.Build.0 = Release|Any CPU
		{A4A3FF41-F9F7-4C72-9197-E3B61F7BF3F3}.Debug|Any CPU.ActiveCfg = Debug|Any CPU
		{A4A3FF41-F9F7-4C72-9197-E3B61F7BF3F3}.Debug|Any CPU.Build.0 = Debug|Any CPU
		{A4A3FF41-F9F7-4C72-9197-E3B61F7BF3F3}.Release|Any CPU.ActiveCfg = Release|Any CPU
		{A4A3FF41-F9F7-4C72-9197-E3B61F7BF3F3}.Release|Any CPU.Build.0 = Release|Any CPU
	EndGlobalSection
	GlobalSection(SolutionProperties) = preSolution
		HideSolutionNode = FALSE
	EndGlobalSection
	GlobalSection(ExtensibilityGlobals) = postSolution
		SolutionGuid = {BB509AA0-FC37-4104-A214-08CAA2E111A9}
	EndGlobalSection
EndGlobal
