
Microsoft Visual Studio Solution File, Format Version 12.00
# Visual Studio Version 16
VisualStudioVersion = 16.0.30523.141
MinimumVisualStudioVersion = 10.0.40219.1
Project("{FAE04EC0-301F-11D3-BF4B-00C04F79EFBC}") = "OddOrEven", "OddOrEven\OddOrEven.csproj", "{68317779-5D3B-4051-A32F-B4EDD25AE4E7}"
EndProject
Global
	GlobalSection(SolutionConfigurationPlatforms) = preSolution
		Debug|Any CPU = Debug|Any CPU
		Release|Any CPU = Release|Any CPU
	EndGlobalSection
	GlobalSection(ProjectConfigurationPlatforms) = postSolution
		{68317779-5D3B-4051-A32F-B4EDD25AE4E7}.Debug|Any CPU.ActiveCfg = Debug|Any CPU
		{68317779-5D3B-4051-A32F-B4EDD25AE4E7}.Debug|Any CPU.Build.0 = Debug|Any CPU
		{68317779-5D3B-4051-A32F-B4EDD25AE4E7}.Release|Any CPU.ActiveCfg = Release|Any CPU
		{68317779-5D3B-4051-A32F-B4EDD25AE4E7}.Release|Any CPU.Build.0 = Release|Any CPU
	EndGlobalSection
	GlobalSection(SolutionProperties) = preSolution
		HideSolutionNode = FALSE
	EndGlobalSection
	GlobalSection(ExtensibilityGlobals) = postSolution
		SolutionGuid = {2B1FA939-3CCC-48D7-B5D6-94CAA9CD9E7A}
	EndGlobalSection
EndGlobal
