
Microsoft Visual Studio Solution File, Format Version 12.00
# Visual Studio Version 16
VisualStudioVersion = 16.0.30804.86
MinimumVisualStudioVersion = 10.0.40219.1
Project("{FAE04EC0-301F-11D3-BF4B-00C04F79EFBC}") = "FancBarcodeV2", "FancBarcodeV2\FancBarcodeV2.csproj", "{FCEC698A-81A3-4151-A627-9A6E8CEDE7CD}"
EndProject
Global
	GlobalSection(SolutionConfigurationPlatforms) = preSolution
		Debug|Any CPU = Debug|Any CPU
		Release|Any CPU = Release|Any CPU
	EndGlobalSection
	GlobalSection(ProjectConfigurationPlatforms) = postSolution
		{FCEC698A-81A3-4151-A627-9A6E8CEDE7CD}.Debug|Any CPU.ActiveCfg = Debug|Any CPU
		{FCEC698A-81A3-4151-A627-9A6E8CEDE7CD}.Debug|Any CPU.Build.0 = Debug|Any CPU
		{FCEC698A-81A3-4151-A627-9A6E8CEDE7CD}.Release|Any CPU.ActiveCfg = Release|Any CPU
		{FCEC698A-81A3-4151-A627-9A6E8CEDE7CD}.Release|Any CPU.Build.0 = Release|Any CPU
	EndGlobalSection
	GlobalSection(SolutionProperties) = preSolution
		HideSolutionNode = FALSE
	EndGlobalSection
	GlobalSection(ExtensibilityGlobals) = postSolution
		SolutionGuid = {08B6E320-6C78-4502-914D-7F10B521643C}
	EndGlobalSection
EndGlobal
