
Microsoft Visual Studio Solution File, Format Version 12.00
# Visual Studio Version 16
VisualStudioVersion = 16.0.30523.141
MinimumVisualStudioVersion = 10.0.40219.1
Project("{FAE04EC0-301F-11D3-BF4B-00C04F79EFBC}") = "YardGarden", "YardGarden\YardGarden.csproj", "{5AD97E86-F603-4719-8F44-881BFDCA7FD1}"
EndProject
Global
	GlobalSection(SolutionConfigurationPlatforms) = preSolution
		Debug|Any CPU = Debug|Any CPU
		Release|Any CPU = Release|Any CPU
	EndGlobalSection
	GlobalSection(ProjectConfigurationPlatforms) = postSolution
		{5AD97E86-F603-4719-8F44-881BFDCA7FD1}.Debug|Any CPU.ActiveCfg = Debug|Any CPU
		{5AD97E86-F603-4719-8F44-881BFDCA7FD1}.Debug|Any CPU.Build.0 = Debug|Any CPU
		{5AD97E86-F603-4719-8F44-881BFDCA7FD1}.Release|Any CPU.ActiveCfg = Release|Any CPU
		{5AD97E86-F603-4719-8F44-881BFDCA7FD1}.Release|Any CPU.Build.0 = Release|Any CPU
	EndGlobalSection
	GlobalSection(SolutionProperties) = preSolution
		HideSolutionNode = FALSE
	EndGlobalSection
	GlobalSection(ExtensibilityGlobals) = postSolution
		SolutionGuid = {BC72C086-3BCF-4D94-9CE2-1AF095D12811}
	EndGlobalSection
EndGlobal
